
Microsoft Visual Studio Solution File, Format Version 12.00
# Visual Studio 15
VisualStudioVersion = 15.0.27004.2009
MinimumVisualStudioVersion = 10.0.40219.1
Project("{FAE04EC0-301F-11D3-BF4B-00C04F79EFBC}") = "AsyncExt", "AsyncExt\AsyncExt.csproj", "{E20DA854-39B8-47EC-B5D6-3148ACC5092D}"
EndProject
Global
	GlobalSection(SolutionConfigurationPlatforms) = preSolution
		Debug|Any CPU = Debug|Any CPU
		Release|Any CPU = Release|Any CPU
	EndGlobalSection
	GlobalSection(ProjectConfigurationPlatforms) = postSolution
		{E20DA854-39B8-47EC-B5D6-3148ACC5092D}.Debug|Any CPU.ActiveCfg = Debug|Any CPU
		{E20DA854-39B8-47EC-B5D6-3148ACC5092D}.Debug|Any CPU.Build.0 = Debug|Any CPU
		{E20DA854-39B8-47EC-B5D6-3148ACC5092D}.Release|Any CPU.ActiveCfg = Release|Any CPU
		{E20DA854-39B8-47EC-B5D6-3148ACC5092D}.Release|Any CPU.Build.0 = Release|Any CPU
	EndGlobalSection
	GlobalSection(SolutionProperties) = preSolution
		HideSolutionNode = FALSE
	EndGlobalSection
	GlobalSection(ExtensibilityGlobals) = postSolution
		SolutionGuid = {F0F93A22-A33E-4E58-8E8F-A72EA4D77695}
	EndGlobalSection
EndGlobal
